
Microsoft Visual Studio Solution File, Format Version 12.00
# Visual Studio 14
VisualStudioVersion = 14.0.25420.1
MinimumVisualStudioVersion = 10.0.40219.1
Project("{FAE04EC0-301F-11D3-BF4B-00C04F79EFBC}") = "WebServiceDemo", "WebServiceDemo\WebServiceDemo.csproj", "{6571BFBA-C9CE-4CEB-8A2B-0FCFB28B1FAC}"
EndProject
Project("{FAE04EC0-301F-11D3-BF4B-00C04F79EFBC}") = "HelloWebApplication", "HelloWebApplication\HelloWebApplication.csproj", "{CA304466-7D2B-4894-A17C-6C512A110CCF}"
	ProjectSection(ProjectDependencies) = postProject
		{6571BFBA-C9CE-4CEB-8A2B-0FCFB28B1FAC} = {6571BFBA-C9CE-4CEB-8A2B-0FCFB28B1FAC}
	EndProjectSection
EndProject
Global
	GlobalSection(SolutionConfigurationPlatforms) = preSolution
		Debug|Any CPU = Debug|Any CPU
		Release|Any CPU = Release|Any CPU
	EndGlobalSection
	GlobalSection(ProjectConfigurationPlatforms) = postSolution
		{6571BFBA-C9CE-4CEB-8A2B-0FCFB28B1FAC}.Debug|Any CPU.ActiveCfg = Debug|Any CPU
		{6571BFBA-C9CE-4CEB-8A2B-0FCFB28B1FAC}.Debug|Any CPU.Build.0 = Debug|Any CPU
		{6571BFBA-C9CE-4CEB-8A2B-0FCFB28B1FAC}.Release|Any CPU.ActiveCfg = Release|Any CPU
		{6571BFBA-C9CE-4CEB-8A2B-0FCFB28B1FAC}.Release|Any CPU.Build.0 = Release|Any CPU
		{CA304466-7D2B-4894-A17C-6C512A110CCF}.Debug|Any CPU.ActiveCfg = Debug|Any CPU
		{CA304466-7D2B-4894-A17C-6C512A110CCF}.Debug|Any CPU.Build.0 = Debug|Any CPU
		{CA304466-7D2B-4894-A17C-6C512A110CCF}.Release|Any CPU.ActiveCfg = Release|Any CPU
		{CA304466-7D2B-4894-A17C-6C512A110CCF}.Release|Any CPU.Build.0 = Release|Any CPU
	EndGlobalSection
	GlobalSection(SolutionProperties) = preSolution
		HideSolutionNode = FALSE
	EndGlobalSection
EndGlobal
